
Microsoft Visual Studio Solution File, Format Version 12.00
# Visual Studio Version 16
VisualStudioVersion = 16.0.30523.141
MinimumVisualStudioVersion = 10.0.40219.1
Project("{9A19103F-16F7-4668-BE54-9A1E7A4F7556}") = "iToons", "iToons\iToons.csproj", "{FCD3C8D5-BA5D-4F85-A457-40DFC4AF7D13}"
EndProject
Project("{FAE04EC0-301F-11D3-BF4B-00C04F79EFBC}") = "iToons.Library", "iToons.Library\iToons.Library.csproj", "{015937F2-84AD-4F8E-8D80-C5CFEF7B6C38}"
EndProject
Global
	GlobalSection(SolutionConfigurationPlatforms) = preSolution
		Debug|Any CPU = Debug|Any CPU
		Release|Any CPU = Release|Any CPU
	EndGlobalSection
	GlobalSection(ProjectConfigurationPlatforms) = postSolution
		{FCD3C8D5-BA5D-4F85-A457-40DFC4AF7D13}.Debug|Any CPU.ActiveCfg = Debug|Any CPU
		{FCD3C8D5-BA5D-4F85-A457-40DFC4AF7D13}.Debug|Any CPU.Build.0 = Debug|Any CPU
		{FCD3C8D5-BA5D-4F85-A457-40DFC4AF7D13}.Release|Any CPU.ActiveCfg = Release|Any CPU
		{FCD3C8D5-BA5D-4F85-A457-40DFC4AF7D13}.Release|Any CPU.Build.0 = Release|Any CPU
		{015937F2-84AD-4F8E-8D80-C5CFEF7B6C38}.Debug|Any CPU.ActiveCfg = Debug|Any CPU
		{015937F2-84AD-4F8E-8D80-C5CFEF7B6C38}.Debug|Any CPU.Build.0 = Debug|Any CPU
		{015937F2-84AD-4F8E-8D80-C5CFEF7B6C38}.Release|Any CPU.ActiveCfg = Release|Any CPU
		{015937F2-84AD-4F8E-8D80-C5CFEF7B6C38}.Release|Any CPU.Build.0 = Release|Any CPU
	EndGlobalSection
	GlobalSection(SolutionProperties) = preSolution
		HideSolutionNode = FALSE
	EndGlobalSection
	GlobalSection(ExtensibilityGlobals) = postSolution
		SolutionGuid = {A2CE7145-76B5-45B2-A656-1EC932C5B20D}
	EndGlobalSection
EndGlobal
